
Microsoft Visual Studio Solution File, Format Version 12.00
# Visual Studio Version 16
VisualStudioVersion = 16.0.30413.136
MinimumVisualStudioVersion = 10.0.40219.1
Project("{FAE04EC0-301F-11D3-BF4B-00C04F79EFBC}") = "TestExcelOutput", "TestExcelOutput\TestExcelOutput.csproj", "{AADE20E6-BAC8-4466-9CFE-85B3137D92D7}"
EndProject
Global
	GlobalSection(SolutionConfigurationPlatforms) = preSolution
		Debug|Any CPU = Debug|Any CPU
		Release|Any CPU = Release|Any CPU
	EndGlobalSection
	GlobalSection(ProjectConfigurationPlatforms) = postSolution
		{AADE20E6-BAC8-4466-9CFE-85B3137D92D7}.Debug|Any CPU.ActiveCfg = Debug|Any CPU
		{AADE20E6-BAC8-4466-9CFE-85B3137D92D7}.Debug|Any CPU.Build.0 = Debug|Any CPU
		{AADE20E6-BAC8-4466-9CFE-85B3137D92D7}.Release|Any CPU.ActiveCfg = Release|Any CPU
		{AADE20E6-BAC8-4466-9CFE-85B3137D92D7}.Release|Any CPU.Build.0 = Release|Any CPU
	EndGlobalSection
	GlobalSection(SolutionProperties) = preSolution
		HideSolutionNode = FALSE
	EndGlobalSection
	GlobalSection(ExtensibilityGlobals) = postSolution
		SolutionGuid = {DA3DB6C1-0660-413C-A8EE-9DC4C8864AAC}
	EndGlobalSection
EndGlobal
